// !$*UTF8*$!
{
	archiveVersion = 1;
	classes = {
	};
	objectVersion = 46;
	objects = {

/* Begin PBXBuildFile section */
		B06A93BA1A51E406005B2C17 /* AppDelegate.swift in Sources */ = {isa = PBXBuildFile; fileRef = B06A93B91A51E406005B2C17 /* AppDelegate.swift */; };
		B06A93BC1A51E406005B2C17 /* ViewController.swift in Sources */ = {isa = PBXBuildFile; fileRef = B06A93BB1A51E406005B2C17 /* ViewController.swift */; };
		B06A93BF1A51E406005B2C17 /* Main.storyboard in Resources */ = {isa = PBXBuildFile; fileRef = B06A93BD1A51E406005B2C17 /* Main.storyboard */; };
		B06A93C11A51E406005B2C17 /* Images.xcassets in Resources */ = {isa = PBXBuildFile; fileRef = B06A93C01A51E406005B2C17 /* Images.xcassets */; };
		B06A93C41A51E406005B2C17 /* LaunchScreen.xib in Resources */ = {isa = PBXBuildFile; fileRef = B06A93C21A51E406005B2C17 /* LaunchScreen.xib */; };
		B06A93D01A51E406005B2C17 /* TestContinuousIntegrationTests.swift in Sources */ = {isa = PBXBuildFile; fileRef = B06A93CF1A51E406005B2C17 /* TestContinuousIntegrationTests.swift */; };
		B06A93DA1A51E672005B2C17 /* BasicTests.swift in Sources */ = {isa = PBXBuildFile; fileRef = B06A93D91A51E672005B2C17 /* BasicTests.swift */; };
/* End PBXBuildFile section */

/* Begin PBXContainerItemProxy section */
		B06A93CA1A51E406005B2C17 /* PBXContainerItemProxy */ = {
			isa = PBXContainerItemProxy;
			containerPortal = B06A93AC1A51E406005B2C17 /* Project object */;
			proxyType = 1;
			remoteGlobalIDString = B06A93B31A51E406005B2C17;
			remoteInfo = TestContinuousIntegration;
		};
/* End PBXContainerItemProxy section */

/* Begin PBXFileReference section */
		B06A93B41A51E406005B2C17 /* TestContinuousIntegration.app */ = {isa = PBXFileReference; explicitFileType = wrapper.application; includeInIndex = 0; path = TestContinuousIntegration.app; sourceTree = BUILT_PRODUCTS_DIR; };
		B06A93B81A51E406005B2C17 /* Info.plist */ = {isa = PBXFileReference; lastKnownFileType = text.plist.xml; path = Info.plist; sourceTree = "<group>"; };
		B06A93B91A51E406005B2C17 /* AppDelegate.swift */ = {isa = PBXFileReference; lastKnownFileType = sourcecode.swift; path = AppDelegate.swift; sourceTree = "<group>"; };
		B06A93BB1A51E406005B2C17 /* ViewController.swift */ = {isa = PBXFileReference; lastKnownFileType = sourcecode.swift; path = ViewController.swift; sourceTree = "<group>"; };
		B06A93BE1A51E406005B2C17 /* Base */ = {isa = PBXFileReference; lastKnownFileType = file.storyboard; name = Base; path = Base.lproj/Main.storyboard; sourceTree = "<group>"; };
		B06A93C01A51E406005B2C17 /* Images.xcassets */ = {isa = PBXFileReference; lastKnownFileType = folder.assetcatalog; path = Images.xcassets; sourceTree = "<group>"; };
		B06A93C31A51E406005B2C17 /* Base */ = {isa = PBXFileReference; lastKnownFileType = file.xib; name = Base; path = Base.lproj/LaunchScreen.xib; sourceTree = "<group>"; };
		B06A93C91A51E406005B2C17 /* TestContinuousIntegrationTests.xctest */ = {isa = PBXFileReference; explicitFileType = wrapper.cfbundle; includeInIndex = 0; path = TestContinuousIntegrationTests.xctest; sourceTree = BUILT_PRODUCTS_DIR; };
		B06A93CE1A51E406005B2C17 /* Info.plist */ = {isa = PBXFileReference; lastKnownFileType = text.plist.xml; path = Info.plist; sourceTree = "<group>"; };
		B06A93CF1A51E406005B2C17 /* TestContinuousIntegrationTests.swift */ = {isa = PBXFileReference; lastKnownFileType = sourcecode.swift; path = TestContinuousIntegrationTests.swift; sourceTree = "<group>"; };
		B06A93D91A51E672005B2C17 /* BasicTests.swift */ = {isa = PBXFileReference; fileEncoding = 4; lastKnownFileType = sourcecode.swift; path = BasicTests.swift; sourceTree = "<group>"; };
/* End PBXFileReference section */

/* Begin PBXFrameworksBuildPhase section */
		B06A93B11A51E406005B2C17 /* Frameworks */ = {
			isa = PBXFrameworksBuildPhase;
			buildActionMask = 2147483647;
			files = (
			);
			runOnlyForDeploymentPostprocessing = 0;
		};
		B06A93C61A51E406005B2C17 /* Frameworks */ = {
			isa = PBXFrameworksBuildPhase;
			buildActionMask = 2147483647;
			files = (
			);
			runOnlyForDeploymentPostprocessing = 0;
		};
/* End PBXFrameworksBuildPhase section */

/* Begin PBXGroup section */
		B06A93AB1A51E406005B2C17 = {
			isa = PBXGroup;
			children = (
				B06A93B61A51E406005B2C17 /* TestContinuousIntegration */,
				B06A93CC1A51E406005B2C17 /* TestContinuousIntegrationTests */,
				B06A93B51A51E406005B2C17 /* Products */,
			);
			sourceTree = "<group>";
		};
		B06A93B51A51E406005B2C17 /* Products */ = {
			isa = PBXGroup;
			children = (
				B06A93B41A51E406005B2C17 /* TestContinuousIntegration.app */,
				B06A93C91A51E406005B2C17 /* TestContinuousIntegrationTests.xctest */,
			);
			name = Products;
			sourceTree = "<group>";
		};
		B06A93B61A51E406005B2C17 /* TestContinuousIntegration */ = {
			isa = PBXGroup;
			children = (
				B06A93B91A51E406005B2C17 /* AppDelegate.swift */,
				B06A93BB1A51E406005B2C17 /* ViewController.swift */,
				B06A93BD1A51E406005B2C17 /* Main.storyboard */,
				B06A93C01A51E406005B2C17 /* Images.xcassets */,
				B06A93C21A51E406005B2C17 /* LaunchScreen.xib */,
				B06A93B71A51E406005B2C17 /* Supporting Files */,
			);
			path = TestContinuousIntegration;
			sourceTree = "<group>";
		};
		B06A93B71A51E406005B2C17 /* Supporting Files */ = {
			isa = PBXGroup;
			children = (
				B06A93B81A51E406005B2C17 /* Info.plist */,
			);
			name = "Supporting Files";
			sourceTree = "<group>";
		};
		B06A93CC1A51E406005B2C17 /* TestContinuousIntegrationTests */ = {
			isa = PBXGroup;
			children = (
				B06A93D91A51E672005B2C17 /* BasicTests.swift */,
				B06A93CF1A51E406005B2C17 /* TestContinuousIntegrationTests.swift */,
				B06A93CD1A51E406005B2C17 /* Supporting Files */,
			);
			path = TestContinuousIntegrationTests;
			sourceTree = "<group>";
		};
		B06A93CD1A51E406005B2C17 /* Supporting Files */ = {
			isa = PBXGroup;
			children = (
				B06A93CE1A51E406005B2C17 /* Info.plist */,
			);
			name = "Supporting Files";
			sourceTree = "<group>";
		};
/* End PBXGroup section */

/* Begin PBXNativeTarget section */
		B06A93B31A51E406005B2C17 /* TestContinuousIntegration */ = {
			isa = PBXNativeTarget;
			buildConfigurationList = B06A93D31A51E406005B2C17 /* Build configuration list for PBXNativeTarget "TestContinuousIntegration" */;
			buildPhases = (
				B06A93B01A51E406005B2C17 /* Sources */,
				B06A93B11A51E406005B2C17 /* Frameworks */,
				B06A93B21A51E406005B2C17 /* Resources */,
			);
			buildRules = (
			);
			dependencies = (
			);
			name = TestContinuousIntegration;
			productName = TestContinuousIntegration;
			productReference = B06A93B41A51E406005B2C17 /* TestContinuousIntegration.app */;
			productType = "com.apple.product-type.application";
		};
		B06A93C81A51E406005B2C17 /* TestContinuousIntegrationTests */ = {
			isa = PBXNativeTarget;
			buildConfigurationList = B06A93D61A51E406005B2C17 /* Build configuration list for PBXNativeTarget "TestContinuousIntegrationTests" */;
			buildPhases = (
				B06A93C51A51E406005B2C17 /* Sources */,
				B06A93C61A51E406005B2C17 /* Frameworks */,
				B06A93C71A51E406005B2C17 /* Resources */,
			);
			buildRules = (
			);
			dependencies = (
				B06A93CB1A51E406005B2C17 /* PBXTargetDependency */,
			);
			name = TestContinuousIntegrationTests;
			productName = TestContinuousIntegrationTests;
			productReference = B06A93C91A51E406005B2C17 /* TestContinuousIntegrationTests.xctest */;
			productType = "com.apple.product-type.bundle.unit-test";
		};
/* End PBXNativeTarget section */

/* Begin PBXProject section */
		B06A93AC1A51E406005B2C17 /* Project object */ = {
			isa = PBXProject;
			attributes = {
				LastUpgradeCheck = 0610;
				ORGANIZATIONNAME = Roshka;
				TargetAttributes = {
					B06A93B31A51E406005B2C17 = {
						CreatedOnToolsVersion = 6.1.1;
					};
					B06A93C81A51E406005B2C17 = {
						CreatedOnToolsVersion = 6.1.1;
						TestTargetID = B06A93B31A51E406005B2C17;
					};
				};
			};
			buildConfigurationList = B06A93AF1A51E406005B2C17 /* Build configuration list for PBXProject "TestContinuousIntegration" */;
			compatibilityVersion = "Xcode 3.2";
			developmentRegion = English;
			hasScannedForEncodings = 0;
			knownRegions = (
				en,
				Base,
			);
			mainGroup = B06A93AB1A51E406005B2C17;
			productRefGroup = B06A93B51A51E406005B2C17 /* Products */;
			projectDirPath = "";
			projectRoot = "";
			targets = (
				B06A93B31A51E406005B2C17 /* TestContinuousIntegration */,
				B06A93C81A51E406005B2C17 /* TestContinuousIntegrationTests */,
			);
		};
/* End PBXProject section */

/* Begin PBXResourcesBuildPhase section */
		B06A93B21A51E406005B2C17 /* Resources */ = {
			isa = PBXResourcesBuildPhase;
			buildActionMask = 2147483647;
			files = (
				B06A93BF1A51E406005B2C17 /* Main.storyboard in Resources */,
				B06A93C41A51E406005B2C17 /* LaunchScreen.xib in Resources */,
				B06A93C11A51E406005B2C17 /* Images.xcassets in Resources */,
			);
			runOnlyForDeploymentPostprocessing = 0;
		};
		B06A93C71A51E406005B2C17 /* Resources */ = {
			isa = PBXResourcesBuildPhase;
			buildActionMask = 2147483647;
			files = (
			);
			runOnlyForDeploymentPostprocessing = 0;
		};
/* End PBXResourcesBuildPhase section */

/* Begin PBXSourcesBuildPhase section */
		B06A93B01A51E406005B2C17 /* Sources */ = {
			isa = PBXSourcesBuildPhase;
			buildActionMask = 2147483647;
			files = (
				B06A93BC1A51E406005B2C17 /* ViewController.swift in Sources */,
				B06A93BA1A51E406005B2C17 /* AppDelegate.swift in Sources */,
			);
			runOnlyForDeploymentPostprocessing = 0;
		};
		B06A93C51A51E406005B2C17 /* Sources */ = {
			isa = PBXSourcesBuildPhase;
			buildActionMask = 2147483647;
			files = (
				B06A93DA1A51E672005B2C17 /* BasicTests.swift in Sources */,
				B06A93D01A51E406005B2C17 /* TestContinuousIntegrationTests.swift in Sources */,
			);
			runOnlyForDeploymentPostprocessing = 0;
		};
/* End PBXSourcesBuildPhase section */

/* Begin PBXTargetDependency section */
		B06A93CB1A51E406005B2C17 /* PBXTargetDependency */ = {
			isa = PBXTargetDependency;
			target = B06A93B31A51E406005B2C17 /* TestContinuousIntegration */;
			targetProxy = B06A93CA1A51E406005B2C17 /* PBXContainerItemProxy */;
		};
/* End PBXTargetDependency section */

/* Begin PBXVariantGroup section */
		B06A93BD1A51E406005B2C17 /* Main.storyboard */ = {
			isa = PBXVariantGroup;
			children = (
				B06A93BE1A51E406005B2C17 /* Base */,
			);
			name = Main.storyboard;
			sourceTree = "<group>";
		};
		B06A93C21A51E406005B2C17 /* LaunchScreen.xib */ = {
			isa = PBXVariantGroup;
			children = (
				B06A93C31A51E406005B2C17 /* Base */,
			);
			name = LaunchScreen.xib;
			sourceTree = "<group>";
		};
/* End PBXVariantGroup section */

/* Begin XCBuildConfiguration section */
		B06A93D11A51E406005B2C17 /* Debug */ = {
			isa = XCBuildConfiguration;
			buildSettings = {
				ALWAYS_SEARCH_USER_PATHS = NO;
				CLANG_CXX_LANGUAGE_STANDARD = "gnu++0x";
				CLANG_CXX_LIBRARY = "libc++";
				CLANG_ENABLE_MODULES = YES;
				CLANG_ENABLE_OBJC_ARC = YES;
				CLANG_WARN_BOOL_CONVERSION = YES;
				CLANG_WARN_CONSTANT_CONVERSION = YES;
				CLANG_WARN_DIRECT_OBJC_ISA_USAGE = YES_ERROR;
				CLANG_WARN_EMPTY_BODY = YES;
				CLANG_WARN_ENUM_CONVERSION = YES;
				CLANG_WARN_INT_CONVERSION = YES;
				CLANG_WARN_OBJC_ROOT_CLASS = YES_ERROR;
				CLANG_WARN_UNREACHABLE_CODE = YES;
				CLANG_WARN__DUPLICATE_METHOD_MATCH = YES;
				"CODE_SIGN_IDENTITY[sdk=iphoneos*]" = "iPhone Developer";
				COPY_PHASE_STRIP = NO;
				ENABLE_STRICT_OBJC_MSGSEND = YES;
				GCC_C_LANGUAGE_STANDARD = gnu99;
				GCC_DYNAMIC_NO_PIC = NO;
				GCC_OPTIMIZATION_LEVEL = 0;
				GCC_PREPROCESSOR_DEFINITIONS = (
					"DEBUG=1",
					"$(inherited)",
				);
				GCC_SYMBOLS_PRIVATE_EXTERN = NO;
				GCC_WARN_64_TO_32_BIT_CONVERSION = YES;
				GCC_WARN_ABOUT_RETURN_TYPE = YES_ERROR;
				GCC_WARN_UNDECLARED_SELECTOR = YES;
				GCC_WARN_UNINITIALIZED_AUTOS = YES_AGGRESSIVE;
				GCC_WARN_UNUSED_FUNCTION = YES;
				GCC_WARN_UNUSED_VARIABLE = YES;
				IPHONEOS_DEPLOYMENT_TARGET = 8.1;
				MTL_ENABLE_DEBUG_INFO = YES;
				ONLY_ACTIVE_ARCH = YES;
				SDKROOT = iphoneos;
				SWIFT_OPTIMIZATION_LEVEL = "-Onone";
				TARGETED_DEVICE_FAMILY = "1,2";
			};
			name = Debug;
		};
		B06A93D21A51E406005B2C17 /* Release */ = {
			isa = XCBuildConfiguration;
			buildSettings = {
				ALWAYS_SEARCH_USER_PATHS = NO;
				CLANG_CXX_LANGUAGE_STANDARD = "gnu++0x";
				CLANG_CXX_LIBRARY = "libc++";
				CLANG_ENABLE_MODULES = YES;
				CLANG_ENABLE_OBJC_ARC = YES;
				CLANG_WARN_BOOL_CONVERSION = YES;
				CLANG_WARN_CONSTANT_CONVERSION = YES;
				CLANG_WARN_DIRECT_OBJC_ISA_USAGE = YES_ERROR;
				CLANG_WARN_EMPTY_BODY = YES;
				CLANG_WARN_ENUM_CONVERSION = YES;
				CLANG_WARN_INT_CONVERSION = YES;
				CLANG_WARN_OBJC_ROOT_CLASS = YES_ERROR;
				CLANG_WARN_UNREACHABLE_CODE = YES;
				CLANG_WARN__DUPLICATE_METHOD_MATCH = YES;
				"CODE_SIGN_IDENTITY[sdk=iphoneos*]" = "iPhone Developer";
				COPY_PHASE_STRIP = YES;
				ENABLE_NS_ASSERTIONS = NO;
				ENABLE_STRICT_OBJC_MSGSEND = YES;
				GCC_C_LANGUAGE_STANDARD = gnu99;
				GCC_WARN_64_TO_32_BIT_CONVERSION = YES;
				GCC_WARN_ABOUT_RETURN_TYPE = YES_ERROR;
				GCC_WARN_UNDECLARED_SELECTOR = YES;
				GCC_WARN_UNINITIALIZED_AUTOS = YES_AGGRESSIVE;
				GCC_WARN_UNUSED_FUNCTION = YES;
				GCC_WARN_UNUSED_VARIABLE = YES;
				IPHONEOS_DEPLOYMENT_TARGET = 8.1;
				MTL_ENABLE_DEBUG_INFO = NO;
				SDKROOT = iphoneos;
				TARGETED_DEVICE_FAMILY = "1,2";
				VALIDATE_PRODUCT = YES;
			};
			name = Release;
		};
		B06A93D41A51E406005B2C17 /* Debug */ = {
			isa = XCBuildConfiguration;
			buildSettings = {
				ASSETCATALOG_COMPILER_APPICON_NAME = AppIcon;
				INFOPLIST_FILE = TestContinuousIntegration/Info.plist;
				LD_RUNPATH_SEARCH_PATHS = "$(inherited) @executable_path/Frameworks";
				PRODUCT_NAME = "$(TARGET_NAME)";
			};
			name = Debug;
		};
		B06A93D51A51E406005B2C17 /* Release */ = {
			isa = XCBuildConfiguration;
			buildSettings = {
				ASSETCATALOG_COMPILER_APPICON_NAME = AppIcon;
				INFOPLIST_FILE = TestContinuousIntegration/Info.plist;
				LD_RUNPATH_SEARCH_PATHS = "$(inherited) @executable_path/Frameworks";
				PRODUCT_NAME = "$(TARGET_NAME)";
			};
			name = Release;
		};
		B06A93D71A51E406005B2C17 /* Debug */ = {
			isa = XCBuildConfiguration;
			buildSettings = {
				BUNDLE_LOADER = "$(TEST_HOST)";
				FRAMEWORK_SEARCH_PATHS = (
					"$(SDKROOT)/Developer/Library/Frameworks",
					"$(inherited)",
				);
				GCC_PREPROCESSOR_DEFINITIONS = (
					"DEBUG=1",
					"$(inherited)",
				);
				INFOPLIST_FILE = TestContinuousIntegrationTests/Info.plist;
				LD_RUNPATH_SEARCH_PATHS = "$(inherited) @executable_path/Frameworks @loader_path/Frameworks";
				PRODUCT_NAME = "$(TARGET_NAME)";
				TEST_HOST = "$(BUILT_PRODUCTS_DIR)/TestContinuousIntegration.app/TestContinuousIntegration";
			};
			name = Debug;
		};
		B06A93D81A51E406005B2C17 /* Release */ = {
			isa = XCBuildConfiguration;
			buildSettings = {
				BUNDLE_LOADER = "$(TEST_HOST)";
				FRAMEWORK_SEARCH_PATHS = (
					"$(SDKROOT)/Developer/Library/Frameworks",
					"$(inherited)",
				);
				INFOPLIST_FILE = TestContinuousIntegrationTests/Info.plist;
				LD_RUNPATH_SEARCH_PATHS = "$(inherited) @executable_path/Frameworks @loader_path/Frameworks";
				PRODUCT_NAME = "$(TARGET_NAME)";
				TEST_HOST = "$(BUILT_PRODUCTS_DIR)/TestContinuousIntegration.app/TestContinuousIntegration";
			};
			name = Release;
		};
/* End XCBuildConfiguration section */

/* Begin XCConfigurationList section */
		B06A93AF1A51E406005B2C17 /* Build configuration list for PBXProject "TestContinuousIntegration" */ = {
			isa = XCConfigurationList;
			buildConfigurations = (
				B06A93D11A51E406005B2C17 /* Debug */,
				B06A93D21A51E406005B2C17 /* Release */,
			);
			defaultConfigurationIsVisible = 0;
			defaultConfigurationName = Release;
		};
		B06A93D31A51E406005B2C17 /* Build configuration list for PBXNativeTarget "TestContinuousIntegration" */ = {
			isa = XCConfigurationList;
			buildConfigurations = (
				B06A93D41A51E406005B2C17 /* Debug */,
				B06A93D51A51E406005B2C17 /* Release */,
			);
			defaultConfigurationIsVisible = 0;
		};
		B06A93D61A51E406005B2C17 /* Build configuration list for PBXNativeTarget "TestContinuousIntegrationTests" */ = {
			isa = XCConfigurationList;
			buildConfigurations = (
				B06A93D71A51E406005B2C17 /* Debug */,
				B06A93D81A51E406005B2C17 /* Release */,
			);
			defaultConfigurationIsVisible = 0;
		};
/* End XCConfigurationList section */
	};
	rootObject = B06A93AC1A51E406005B2C17 /* Project object */;
}
